
Microsoft Visual Studio Solution File, Format Version 12.00
# Visual Studio Version 16
VisualStudioVersion = 16.0.30309.148
MinimumVisualStudioVersion = 10.0.40219.1
Project("{FAE04EC0-301F-11D3-BF4B-00C04F79EFBC}") = "ToyConsoleProject", "ToyConsoleProject\ToyConsoleProject.csproj", "{4A8D74BE-B082-4DF6-8800-D5B1F5DBB882}"
EndProject
Project("{FAE04EC0-301F-11D3-BF4B-00C04F79EFBC}") = "Spring4Console", "Spring4Console\Spring4Console.csproj", "{9A37C01E-9796-415D-BCB7-E2A6DCC23D85}"
EndProject
Project("{FAE04EC0-301F-11D3-BF4B-00C04F79EFBC}") = "Spring6ConsoleApp", "Spring6ConsoleApp\Spring6ConsoleApp.csproj", "{36B55F9A-3D13-4D34-BAE6-FE984AC62EB9}"
EndProject
Global
	GlobalSection(SolutionConfigurationPlatforms) = preSolution
		Debug|Any CPU = Debug|Any CPU
		Release|Any CPU = Release|Any CPU
	EndGlobalSection
	GlobalSection(ProjectConfigurationPlatforms) = postSolution
		{4A8D74BE-B082-4DF6-8800-D5B1F5DBB882}.Debug|Any CPU.ActiveCfg = Debug|Any CPU
		{4A8D74BE-B082-4DF6-8800-D5B1F5DBB882}.Debug|Any CPU.Build.0 = Debug|Any CPU
		{4A8D74BE-B082-4DF6-8800-D5B1F5DBB882}.Release|Any CPU.ActiveCfg = Release|Any CPU
		{4A8D74BE-B082-4DF6-8800-D5B1F5DBB882}.Release|Any CPU.Build.0 = Release|Any CPU
		{9A37C01E-9796-415D-BCB7-E2A6DCC23D85}.Debug|Any CPU.ActiveCfg = Debug|Any CPU
		{9A37C01E-9796-415D-BCB7-E2A6DCC23D85}.Debug|Any CPU.Build.0 = Debug|Any CPU
		{9A37C01E-9796-415D-BCB7-E2A6DCC23D85}.Release|Any CPU.ActiveCfg = Release|Any CPU
		{9A37C01E-9796-415D-BCB7-E2A6DCC23D85}.Release|Any CPU.Build.0 = Release|Any CPU
		{36B55F9A-3D13-4D34-BAE6-FE984AC62EB9}.Debug|Any CPU.ActiveCfg = Debug|Any CPU
		{36B55F9A-3D13-4D34-BAE6-FE984AC62EB9}.Debug|Any CPU.Build.0 = Debug|Any CPU
		{36B55F9A-3D13-4D34-BAE6-FE984AC62EB9}.Release|Any CPU.ActiveCfg = Release|Any CPU
		{36B55F9A-3D13-4D34-BAE6-FE984AC62EB9}.Release|Any CPU.Build.0 = Release|Any CPU
	EndGlobalSection
	GlobalSection(SolutionProperties) = preSolution
		HideSolutionNode = FALSE
	EndGlobalSection
	GlobalSection(ExtensibilityGlobals) = postSolution
		SolutionGuid = {9F76CE02-1DA8-40E1-9799-163E7FBA69D7}
	EndGlobalSection
EndGlobal
